# LOCAL development lock (macOS/MPS). This is NOT the runtime that produced the certified
# Rung-3 numbers: those ran on a CUDA pod, and the exact versions are recorded in the
# runtime manifests -> results/rung3_provenance/certified_runtime.json (derived from them).
antlr4-python3-runtime==4.9.3
anyio==4.14.2
babel==2.18.0
boto3==1.43.47
botocore==1.43.47
certifi==2026.6.17
charset-normalizer==3.4.9
click==8.4.2
contourpy==1.3.3
cycler==0.12.1
filelock==3.29.7
fonttools==4.63.0
fsspec==2026.6.0
google-measurement-protocol==1.1.0
h11==0.16.0
hf-xet==1.5.1
httpcore==1.0.9
httpx==0.28.1
huggingface-hub==1.23.0
hydra-core==1.3.4
idna==3.18
iniconfig==2.3.0
iopath==0.1.10
jinja2==3.1.6
jmespath==1.1.0
kiwisolver==1.5.0
lap==0.5.13
markupsafe==3.0.3
matplotlib==3.11.0
mpmath==1.3.0
networkx==3.6.1
numpy==2.5.1
nvidia-ml-py==13.610.43
omegaconf==2.3.1
opencv-python==5.0.0.93
packaging==26.2
pillow==12.3.0
pip==26.1.2
pluggy==1.6.0
polars==1.42.1
polars-runtime-32==1.42.1
portalocker==3.2.0
prices==1.1.1
psutil==7.2.2
pycocoevalcap==1.2
pycocotools==2.0.11
pygments==2.20.0
pyparsing==3.3.2
pytest==9.1.1
python-dateutil==2.9.0.post0
pyyaml==6.0.3
requests==2.34.2
s3transfer==0.19.1
sam-2 @ git+https://github.com/facebookresearch/sam2@2b90b9f5ceec907a1c18123530e92e794ad901a4
scikit-video==1.1.11
scipy==1.18.0
setuptools==83.0.0
six==1.17.0
sympy==1.14.0
tabulate==0.10.0
torch==2.13.0
torchvision==0.28.0
tqdm==4.68.4
trackeval @ git+https://github.com/jonathonluiten/trackeval@12c8791b303e0a0b50f753af204249e622d0281a
typing-extensions==4.16.0
ultralytics==8.4.93
ultralytics-thop==2.0.20
urllib3==2.7.0
